
Microsoft Visual Studio Solution File, Format Version 12.00
# Visual Studio Version 16
VisualStudioVersion = 16.0.32802.440
MinimumVisualStudioVersion = 10.0.40219.1
Project("{FAE04EC0-301F-11D3-BF4B-00C04F79EFBC}") = "Exercicio Enum", "Exercicio Enum\Exercicio Enum.csproj", "{B2951B34-3183-4756-B037-807EEC946EB8}"
EndProject
Global
	GlobalSection(SolutionConfigurationPlatforms) = preSolution
		Debug|Any CPU = Debug|Any CPU
		Release|Any CPU = Release|Any CPU
	EndGlobalSection
	GlobalSection(ProjectConfigurationPlatforms) = postSolution
		{B2951B34-3183-4756-B037-807EEC946EB8}.Debug|Any CPU.ActiveCfg = Debug|Any CPU
		{B2951B34-3183-4756-B037-807EEC946EB8}.Debug|Any CPU.Build.0 = Debug|Any CPU
		{B2951B34-3183-4756-B037-807EEC946EB8}.Release|Any CPU.ActiveCfg = Release|Any CPU
		{B2951B34-3183-4756-B037-807EEC946EB8}.Release|Any CPU.Build.0 = Release|Any CPU
	EndGlobalSection
	GlobalSection(SolutionProperties) = preSolution
		HideSolutionNode = FALSE
	EndGlobalSection
	GlobalSection(ExtensibilityGlobals) = postSolution
		SolutionGuid = {E33D2B04-144D-4B18-ADB2-621C7BEB6320}
	EndGlobalSection
EndGlobal
